
Microsoft Visual Studio Solution File, Format Version 12.00
# Visual Studio Version 16
VisualStudioVersion = 16.0.28803.156
MinimumVisualStudioVersion = 10.0.40219.1
Project("{FAE04EC0-301F-11D3-BF4B-00C04F79EFBC}") = "CQRS", "CQRS\CQRS.csproj", "{6FA28869-5D0A-429C-81B2-9A891E350F9A}"
EndProject
Global
	GlobalSection(SolutionConfigurationPlatforms) = preSolution
		Debug|Any CPU = Debug|Any CPU
		Release|Any CPU = Release|Any CPU
	EndGlobalSection
	GlobalSection(ProjectConfigurationPlatforms) = postSolution
		{6FA28869-5D0A-429C-81B2-9A891E350F9A}.Debug|Any CPU.ActiveCfg = Debug|Any CPU
		{6FA28869-5D0A-429C-81B2-9A891E350F9A}.Debug|Any CPU.Build.0 = Debug|Any CPU
		{6FA28869-5D0A-429C-81B2-9A891E350F9A}.Release|Any CPU.ActiveCfg = Release|Any CPU
		{6FA28869-5D0A-429C-81B2-9A891E350F9A}.Release|Any CPU.Build.0 = Release|Any CPU
	EndGlobalSection
	GlobalSection(SolutionProperties) = preSolution
		HideSolutionNode = FALSE
	EndGlobalSection
	GlobalSection(ExtensibilityGlobals) = postSolution
		SolutionGuid = {9CEA9566-CAC3-4C44-9E8E-4810537FB38A}
	EndGlobalSection
EndGlobal
